// !$*UTF8*$!
{
	archiveVersion = 1;
	classes = {
	};
	objectVersion = 50;
	objects = {

/* Begin PBXBuildFile section */
		1C808BD826091DBB007D4599 /* AppDelegate.swift in Sources */ = {isa = PBXBuildFile; fileRef = 1C808BD726091DBB007D4599 /* AppDelegate.swift */; };
		1C808BDA26091DBB007D4599 /* SceneDelegate.swift in Sources */ = {isa = PBXBuildFile; fileRef = 1C808BD926091DBB007D4599 /* SceneDelegate.swift */; };
		1C808BDC26091DBB007D4599 /* ViewController.swift in Sources */ = {isa = PBXBuildFile; fileRef = 1C808BDB26091DBB007D4599 /* ViewController.swift */; };
		1C808BDF26091DBB007D4599 /* Main.storyboard in Resources */ = {isa = PBXBuildFile; fileRef = 1C808BDD26091DBB007D4599 /* Main.storyboard */; };
		1C808BE126091DBC007D4599 /* Assets.xcassets in Resources */ = {isa = PBXBuildFile; fileRef = 1C808BE026091DBC007D4599 /* Assets.xcassets */; };
		1C808BE426091DBC007D4599 /* LaunchScreen.storyboard in Resources */ = {isa = PBXBuildFile; fileRef = 1C808BE226091DBC007D4599 /* LaunchScreen.storyboard */; };
		1C808BEF26091DBD007D4599 /* SeeFoodTests.swift in Sources */ = {isa = PBXBuildFile; fileRef = 1C808BEE26091DBD007D4599 /* SeeFoodTests.swift */; };
		1C808BFA26091DBD007D4599 /* SeeFoodUITests.swift in Sources */ = {isa = PBXBuildFile; fileRef = 1C808BF926091DBD007D4599 /* SeeFoodUITests.swift */; };
		1C808C0B26091E2E007D4599 /* Inceptionv3.mlmodel in Sources */ = {isa = PBXBuildFile; fileRef = 1C808C0A26091E2E007D4599 /* Inceptionv3.mlmodel */; };
/* End PBXBuildFile section */

/* Begin PBXContainerItemProxy section */
		1C808BEB26091DBD007D4599 /* PBXContainerItemProxy */ = {
			isa = PBXContainerItemProxy;
			containerPortal = 1C808BCC26091DBA007D4599 /* Project object */;
			proxyType = 1;
			remoteGlobalIDString = 1C808BD326091DBA007D4599;
			remoteInfo = SeeFood;
		};
		1C808BF626091DBD007D4599 /* PBXContainerItemProxy */ = {
			isa = PBXContainerItemProxy;
			containerPortal = 1C808BCC26091DBA007D4599 /* Project object */;
			proxyType = 1;
			remoteGlobalIDString = 1C808BD326091DBA007D4599;
			remoteInfo = SeeFood;
		};
/* End PBXContainerItemProxy section */

/* Begin PBXFileReference section */
		1C808BD426091DBB007D4599 /* SeeFood.app */ = {isa = PBXFileReference; explicitFileType = wrapper.application; includeInIndex = 0; path = SeeFood.app; sourceTree = BUILT_PRODUCTS_DIR; };
		1C808BD726091DBB007D4599 /* AppDelegate.swift */ = {isa = PBXFileReference; lastKnownFileType = sourcecode.swift; path = AppDelegate.swift; sourceTree = "<group>"; };
		1C808BD926091DBB007D4599 /* SceneDelegate.swift */ = {isa = PBXFileReference; lastKnownFileType = sourcecode.swift; path = SceneDelegate.swift; sourceTree = "<group>"; };
		1C808BDB26091DBB007D4599 /* ViewController.swift */ = {isa = PBXFileReference; lastKnownFileType = sourcecode.swift; path = ViewController.swift; sourceTree = "<group>"; };
		1C808BDE26091DBB007D4599 /* Base */ = {isa = PBXFileReference; lastKnownFileType = file.storyboard; name = Base; path = Base.lproj/Main.storyboard; sourceTree = "<group>"; };
		1C808BE026091DBC007D4599 /* Assets.xcassets */ = {isa = PBXFileReference; lastKnownFileType = folder.assetcatalog; path = Assets.xcassets; sourceTree = "<group>"; };
		1C808BE326091DBC007D4599 /* Base */ = {isa = PBXFileReference; lastKnownFileType = file.storyboard; name = Base; path = Base.lproj/LaunchScreen.storyboard; sourceTree = "<group>"; };
		1C808BE526091DBC007D4599 /* Info.plist */ = {isa = PBXFileReference; lastKnownFileType = text.plist.xml; path = Info.plist; sourceTree = "<group>"; };
		1C808BEA26091DBD007D4599 /* SeeFoodTests.xctest */ = {isa = PBXFileReference; explicitFileType = wrapper.cfbundle; includeInIndex = 0; path = SeeFoodTests.xctest; sourceTree = BUILT_PRODUCTS_DIR; };
		1C808BEE26091DBD007D4599 /* SeeFoodTests.swift */ = {isa = PBXFileReference; lastKnownFileType = sourcecode.swift; path = SeeFoodTests.swift; sourceTree = "<group>"; };
		1C808BF026091DBD007D4599 /* Info.plist */ = {isa = PBXFileReference; lastKnownFileType = text.plist.xml; path = Info.plist; sourceTree = "<group>"; };
		1C808BF526091DBD007D4599 /* SeeFoodUITests.xctest */ = {isa = PBXFileReference; explicitFileType = wrapper.cfbundle; includeInIndex = 0; path = SeeFoodUITests.xctest; sourceTree = BUILT_PRODUCTS_DIR; };
		1C808BF926091DBD007D4599 /* SeeFoodUITests.swift */ = {isa = PBXFileReference; lastKnownFileType = sourcecode.swift; path = SeeFoodUITests.swift; sourceTree = "<group>"; };
		1C808BFB26091DBD007D4599 /* Info.plist */ = {isa = PBXFileReference; lastKnownFileType = text.plist.xml; path = Info.plist; sourceTree = "<group>"; };
		1C808C0A26091E2E007D4599 /* Inceptionv3.mlmodel */ = {isa = PBXFileReference; lastKnownFileType = file.mlmodel; path = Inceptionv3.mlmodel; sourceTree = "<group>"; };
/* End PBXFileReference section */

/* Begin PBXFrameworksBuildPhase section */
		1C808BD126091DBA007D4599 /* Frameworks */ = {
			isa = PBXFrameworksBuildPhase;
			buildActionMask = 2147483647;
			files = (
			);
			runOnlyForDeploymentPostprocessing = 0;
		};
		1C808BE726091DBD007D4599 /* Frameworks */ = {
			isa = PBXFrameworksBuildPhase;
			buildActionMask = 2147483647;
			files = (
			);
			runOnlyForDeploymentPostprocessing = 0;
		};
		1C808BF226091DBD007D4599 /* Frameworks */ = {
			isa = PBXFrameworksBuildPhase;
			buildActionMask = 2147483647;
			files = (
			);
			runOnlyForDeploymentPostprocessing = 0;
		};
/* End PBXFrameworksBuildPhase section */

/* Begin PBXGroup section */
		1C808BCB26091DBA007D4599 = {
			isa = PBXGroup;
			children = (
				1C808BD626091DBB007D4599 /* SeeFood */,
				1C808BED26091DBD007D4599 /* SeeFoodTests */,
				1C808BF826091DBD007D4599 /* SeeFoodUITests */,
				1C808BD526091DBB007D4599 /* Products */,
			);
			sourceTree = "<group>";
		};
		1C808BD526091DBB007D4599 /* Products */ = {
			isa = PBXGroup;
			children = (
				1C808BD426091DBB007D4599 /* SeeFood.app */,
				1C808BEA26091DBD007D4599 /* SeeFoodTests.xctest */,
				1C808BF526091DBD007D4599 /* SeeFoodUITests.xctest */,
			);
			name = Products;
			sourceTree = "<group>";
		};
		1C808BD626091DBB007D4599 /* SeeFood */ = {
			isa = PBXGroup;
			children = (
				1C808BD726091DBB007D4599 /* AppDelegate.swift */,
				1C808BD926091DBB007D4599 /* SceneDelegate.swift */,
				1C808BDB26091DBB007D4599 /* ViewController.swift */,
				1C808BDD26091DBB007D4599 /* Main.storyboard */,
				1C808BE026091DBC007D4599 /* Assets.xcassets */,
				1C808BE226091DBC007D4599 /* LaunchScreen.storyboard */,
				1C808C0A26091E2E007D4599 /* Inceptionv3.mlmodel */,
				1C808BE526091DBC007D4599 /* Info.plist */,
			);
			path = SeeFood;
			sourceTree = "<group>";
		};
		1C808BED26091DBD007D4599 /* SeeFoodTests */ = {
			isa = PBXGroup;
			children = (
				1C808BEE26091DBD007D4599 /* SeeFoodTests.swift */,
				1C808BF026091DBD007D4599 /* Info.plist */,
			);
			path = SeeFoodTests;
			sourceTree = "<group>";
		};
		1C808BF826091DBD007D4599 /* SeeFoodUITests */ = {
			isa = PBXGroup;
			children = (
				1C808BF926091DBD007D4599 /* SeeFoodUITests.swift */,
				1C808BFB26091DBD007D4599 /* Info.plist */,
			);
			path = SeeFoodUITests;
			sourceTree = "<group>";
		};
/* End PBXGroup section */

/* Begin PBXNativeTarget section */
		1C808BD326091DBA007D4599 /* SeeFood */ = {
			isa = PBXNativeTarget;
			buildConfigurationList = 1C808BFE26091DBD007D4599 /* Build configuration list for PBXNativeTarget "SeeFood" */;
			buildPhases = (
				1C808BD026091DBA007D4599 /* Sources */,
				1C808BD126091DBA007D4599 /* Frameworks */,
				1C808BD226091DBA007D4599 /* Resources */,
			);
			buildRules = (
			);
			dependencies = (
			);
			name = SeeFood;
			productName = SeeFood;
			productReference = 1C808BD426091DBB007D4599 /* SeeFood.app */;
			productType = "com.apple.product-type.application";
		};
		1C808BE926091DBD007D4599 /* SeeFoodTests */ = {
			isa = PBXNativeTarget;
			buildConfigurationList = 1C808C0126091DBD007D4599 /* Build configuration list for PBXNativeTarget "SeeFoodTests" */;
			buildPhases = (
				1C808BE626091DBD007D4599 /* Sources */,
				1C808BE726091DBD007D4599 /* Frameworks */,
				1C808BE826091DBD007D4599 /* Resources */,
			);
			buildRules = (
			);
			dependencies = (
				1C808BEC26091DBD007D4599 /* PBXTargetDependency */,
			);
			name = SeeFoodTests;
			productName = SeeFoodTests;
			productReference = 1C808BEA26091DBD007D4599 /* SeeFoodTests.xctest */;
			productType = "com.apple.product-type.bundle.unit-test";
		};
		1C808BF426091DBD007D4599 /* SeeFoodUITests */ = {
			isa = PBXNativeTarget;
			buildConfigurationList = 1C808C0426091DBD007D4599 /* Build configuration list for PBXNativeTarget "SeeFoodUITests" */;
			buildPhases = (
				1C808BF126091DBD007D4599 /* Sources */,
				1C808BF226091DBD007D4599 /* Frameworks */,
				1C808BF326091DBD007D4599 /* Resources */,
			);
			buildRules = (
			);
			dependencies = (
				1C808BF726091DBD007D4599 /* PBXTargetDependency */,
			);
			name = SeeFoodUITests;
			productName = SeeFoodUITests;
			productReference = 1C808BF526091DBD007D4599 /* SeeFoodUITests.xctest */;
			productType = "com.apple.product-type.bundle.ui-testing";
		};
/* End PBXNativeTarget section */

/* Begin PBXProject section */
		1C808BCC26091DBA007D4599 /* Project object */ = {
			isa = PBXProject;
			attributes = {
				LastSwiftUpdateCheck = 1240;
				LastUpgradeCheck = 1240;
				TargetAttributes = {
					1C808BD326091DBA007D4599 = {
						CreatedOnToolsVersion = 12.4;
					};
					1C808BE926091DBD007D4599 = {
						CreatedOnToolsVersion = 12.4;
						TestTargetID = 1C808BD326091DBA007D4599;
					};
					1C808BF426091DBD007D4599 = {
						CreatedOnToolsVersion = 12.4;
						TestTargetID = 1C808BD326091DBA007D4599;
					};
				};
			};
			buildConfigurationList = 1C808BCF26091DBA007D4599 /* Build configuration list for PBXProject "SeeFood" */;
			compatibilityVersion = "Xcode 9.3";
			developmentRegion = en;
			hasScannedForEncodings = 0;
			knownRegions = (
				en,
				Base,
			);
			mainGroup = 1C808BCB26091DBA007D4599;
			productRefGroup = 1C808BD526091DBB007D4599 /* Products */;
			projectDirPath = "";
			projectRoot = "";
			targets = (
				1C808BD326091DBA007D4599 /* SeeFood */,
				1C808BE926091DBD007D4599 /* SeeFoodTests */,
				1C808BF426091DBD007D4599 /* SeeFoodUITests */,
			);
		};
/* End PBXProject section */

/* Begin PBXResourcesBuildPhase section */
		1C808BD226091DBA007D4599 /* Resources */ = {
			isa = PBXResourcesBuildPhase;
			buildActionMask = 2147483647;
			files = (
				1C808BE426091DBC007D4599 /* LaunchScreen.storyboard in Resources */,
				1C808BE126091DBC007D4599 /* Assets.xcassets in Resources */,
				1C808BDF26091DBB007D4599 /* Main.storyboard in Resources */,
			);
			runOnlyForDeploymentPostprocessing = 0;
		};
		1C808BE826091DBD007D4599 /* Resources */ = {
			isa = PBXResourcesBuildPhase;
			buildActionMask = 2147483647;
			files = (
			);
			runOnlyForDeploymentPostprocessing = 0;
		};
		1C808BF326091DBD007D4599 /* Resources */ = {
			isa = PBXResourcesBuildPhase;
			buildActionMask = 2147483647;
			files = (
			);
			runOnlyForDeploymentPostprocessing = 0;
		};
/* End PBXResourcesBuildPhase section */

/* Begin PBXSourcesBuildPhase section */
		1C808BD026091DBA007D4599 /* Sources */ = {
			isa = PBXSourcesBuildPhase;
			buildActionMask = 2147483647;
			files = (
				1C808BDC26091DBB007D4599 /* ViewController.swift in Sources */,
				1C808C0B26091E2E007D4599 /* Inceptionv3.mlmodel in Sources */,
				1C808BD826091DBB007D4599 /* AppDelegate.swift in Sources */,
				1C808BDA26091DBB007D4599 /* SceneDelegate.swift in Sources */,
			);
			runOnlyForDeploymentPostprocessing = 0;
		};
		1C808BE626091DBD007D4599 /* Sources */ = {
			isa = PBXSourcesBuildPhase;
			buildActionMask = 2147483647;
			files = (
				1C808BEF26091DBD007D4599 /* SeeFoodTests.swift in Sources */,
			);
			runOnlyForDeploymentPostprocessing = 0;
		};
		1C808BF126091DBD007D4599 /* Sources */ = {
			isa = PBXSourcesBuildPhase;
			buildActionMask = 2147483647;
			files = (
				1C808BFA26091DBD007D4599 /* SeeFoodUITests.swift in Sources */,
			);
			runOnlyForDeploymentPostprocessing = 0;
		};
/* End PBXSourcesBuildPhase section */

/* Begin PBXTargetDependency section */
		1C808BEC26091DBD007D4599 /* PBXTargetDependency */ = {
			isa = PBXTargetDependency;
			target = 1C808BD326091DBA007D4599 /* SeeFood */;
			targetProxy = 1C808BEB26091DBD007D4599 /* PBXContainerItemProxy */;
		};
		1C808BF726091DBD007D4599 /* PBXTargetDependency */ = {
			isa = PBXTargetDependency;
			target = 1C808BD326091DBA007D4599 /* SeeFood */;
			targetProxy = 1C808BF626091DBD007D4599 /* PBXContainerItemProxy */;
		};
/* End PBXTargetDependency section */

/* Begin PBXVariantGroup section */
		1C808BDD26091DBB007D4599 /* Main.storyboard */ = {
			isa = PBXVariantGroup;
			children = (
				1C808BDE26091DBB007D4599 /* Base */,
			);
			name = Main.storyboard;
			sourceTree = "<group>";
		};
		1C808BE226091DBC007D4599 /* LaunchScreen.storyboard */ = {
			isa = PBXVariantGroup;
			children = (
				1C808BE326091DBC007D4599 /* Base */,
			);
			name = LaunchScreen.storyboard;
			sourceTree = "<group>";
		};
/* End PBXVariantGroup section */

/* Begin XCBuildConfiguration section */
		1C808BFC26091DBD007D4599 /* Debug */ = {
			isa = XCBuildConfiguration;
			buildSettings = {
				ALWAYS_SEARCH_USER_PATHS = NO;
				CLANG_ANALYZER_NONNULL = YES;
				CLANG_ANALYZER_NUMBER_OBJECT_CONVERSION = YES_AGGRESSIVE;
				CLANG_CXX_LANGUAGE_STANDARD = "gnu++14";
				CLANG_CXX_LIBRARY = "libc++";
				CLANG_ENABLE_MODULES = YES;
				CLANG_ENABLE_OBJC_ARC = YES;
				CLANG_ENABLE_OBJC_WEAK = YES;
				CLANG_WARN_BLOCK_CAPTURE_AUTORELEASING = YES;
				CLANG_WARN_BOOL_CONVERSION = YES;
				CLANG_WARN_COMMA = YES;
				CLANG_WARN_CONSTANT_CONVERSION = YES;
				CLANG_WARN_DEPRECATED_OBJC_IMPLEMENTATIONS = YES;
				CLANG_WARN_DIRECT_OBJC_ISA_USAGE = YES_ERROR;
				CLANG_WARN_DOCUMENTATION_COMMENTS = YES;
				CLANG_WARN_EMPTY_BODY = YES;
				CLANG_WARN_ENUM_CONVERSION = YES;
				CLANG_WARN_INFINITE_RECURSION = YES;
				CLANG_WARN_INT_CONVERSION = YES;
				CLANG_WARN_NON_LITERAL_NULL_CONVERSION = YES;
				CLANG_WARN_OBJC_IMPLICIT_RETAIN_SELF = YES;
				CLANG_WARN_OBJC_LITERAL_CONVERSION = YES;
				CLANG_WARN_OBJC_ROOT_CLASS = YES_ERROR;
				CLANG_WARN_QUOTED_INCLUDE_IN_FRAMEWORK_HEADER = YES;
				CLANG_WARN_RANGE_LOOP_ANALYSIS = YES;
				CLANG_WARN_STRICT_PROTOTYPES = YES;
				CLANG_WARN_SUSPICIOUS_MOVE = YES;
				CLANG_WARN_UNGUARDED_AVAILABILITY = YES_AGGRESSIVE;
				CLANG_WARN_UNREACHABLE_CODE = YES;
				CLANG_WARN__DUPLICATE_METHOD_MATCH = YES;
				COPY_PHASE_STRIP = NO;
				DEBUG_INFORMATION_FORMAT = dwarf;
				ENABLE_STRICT_OBJC_MSGSEND = YES;
				ENABLE_TESTABILITY = YES;
				GCC_C_LANGUAGE_STANDARD = gnu11;
				GCC_DYNAMIC_NO_PIC = NO;
				GCC_NO_COMMON_BLOCKS = YES;
				GCC_OPTIMIZATION_LEVEL = 0;
				GCC_PREPROCESSOR_DEFINITIONS = (
					"DEBUG=1",
					"$(inherited)",
				);
				GCC_WARN_64_TO_32_BIT_CONVERSION = YES;
				GCC_WARN_ABOUT_RETURN_TYPE = YES_ERROR;
				GCC_WARN_UNDECLARED_SELECTOR = YES;
				GCC_WARN_UNINITIALIZED_AUTOS = YES_AGGRESSIVE;
				GCC_WARN_UNUSED_FUNCTION = YES;
				GCC_WARN_UNUSED_VARIABLE = YES;
				IPHONEOS_DEPLOYMENT_TARGET = 14.4;
				MTL_ENABLE_DEBUG_INFO = INCLUDE_SOURCE;
				MTL_FAST_MATH = YES;
				ONLY_ACTIVE_ARCH = YES;
				SDKROOT = iphoneos;
				SWIFT_ACTIVE_COMPILATION_CONDITIONS = DEBUG;
				SWIFT_OPTIMIZATION_LEVEL = "-Onone";
			};
			name = Debug;
		};
		1C808BFD26091DBD007D4599 /* Release */ = {
			isa = XCBuildConfiguration;
			buildSettings = {
				ALWAYS_SEARCH_USER_PATHS = NO;
				CLANG_ANALYZER_NONNULL = YES;
				CLANG_ANALYZER_NUMBER_OBJECT_CONVERSION = YES_AGGRESSIVE;
				CLANG_CXX_LANGUAGE_STANDARD = "gnu++14";
				CLANG_CXX_LIBRARY = "libc++";
				CLANG_ENABLE_MODULES = YES;
				CLANG_ENABLE_OBJC_ARC = YES;
				CLANG_ENABLE_OBJC_WEAK = YES;
				CLANG_WARN_BLOCK_CAPTURE_AUTORELEASING = YES;
				CLANG_WARN_BOOL_CONVERSION = YES;
				CLANG_WARN_COMMA = YES;
				CLANG_WARN_CONSTANT_CONVERSION = YES;
				CLANG_WARN_DEPRECATED_OBJC_IMPLEMENTATIONS = YES;
				CLANG_WARN_DIRECT_OBJC_ISA_USAGE = YES_ERROR;
				CLANG_WARN_DOCUMENTATION_COMMENTS = YES;
				CLANG_WARN_EMPTY_BODY = YES;
				CLANG_WARN_ENUM_CONVERSION = YES;
				CLANG_WARN_INFINITE_RECURSION = YES;
				CLANG_WARN_INT_CONVERSION = YES;
				CLANG_WARN_NON_LITERAL_NULL_CONVERSION = YES;
				CLANG_WARN_OBJC_IMPLICIT_RETAIN_SELF = YES;
				CLANG_WARN_OBJC_LITERAL_CONVERSION = YES;
				CLANG_WARN_OBJC_ROOT_CLASS = YES_ERROR;
				CLANG_WARN_QUOTED_INCLUDE_IN_FRAMEWORK_HEADER = YES;
				CLANG_WARN_RANGE_LOOP_ANALYSIS = YES;
				CLANG_WARN_STRICT_PROTOTYPES = YES;
				CLANG_WARN_SUSPICIOUS_MOVE = YES;
				CLANG_WARN_UNGUARDED_AVAILABILITY = YES_AGGRESSIVE;
				CLANG_WARN_UNREACHABLE_CODE = YES;
				CLANG_WARN__DUPLICATE_METHOD_MATCH = YES;
				COPY_PHASE_STRIP = NO;
				DEBUG_INFORMATION_FORMAT = "dwarf-with-dsym";
				ENABLE_NS_ASSERTIONS = NO;
				ENABLE_STRICT_OBJC_MSGSEND = YES;
				GCC_C_LANGUAGE_STANDARD = gnu11;
				GCC_NO_COMMON_BLOCKS = YES;
				GCC_WARN_64_TO_32_BIT_CONVERSION = YES;
				GCC_WARN_ABOUT_RETURN_TYPE = YES_ERROR;
				GCC_WARN_UNDECLARED_SELECTOR = YES;
				GCC_WARN_UNINITIALIZED_AUTOS = YES_AGGRESSIVE;
				GCC_WARN_UNUSED_FUNCTION = YES;
				GCC_WARN_UNUSED_VARIABLE = YES;
				IPHONEOS_DEPLOYMENT_TARGET = 14.4;
				MTL_ENABLE_DEBUG_INFO = NO;
				MTL_FAST_MATH = YES;
				SDKROOT = iphoneos;
				SWIFT_COMPILATION_MODE = wholemodule;
				SWIFT_OPTIMIZATION_LEVEL = "-O";
				VALIDATE_PRODUCT = YES;
			};
			name = Release;
		};
		1C808BFF26091DBD007D4599 /* Debug */ = {
			isa = XCBuildConfiguration;
			buildSettings = {
				ASSETCATALOG_COMPILER_APPICON_NAME = AppIcon;
				ASSETCATALOG_COMPILER_GLOBAL_ACCENT_COLOR_NAME = AccentColor;
				CODE_SIGN_STYLE = Automatic;
				DEVELOPMENT_TEAM = 4RU9D45S73;
				INFOPLIST_FILE = SeeFood/Info.plist;
				LD_RUNPATH_SEARCH_PATHS = (
					"$(inherited)",
					"@executable_path/Frameworks",
				);
				PRODUCT_BUNDLE_IDENTIFIER = SHUBHAM.SeeFood;
				PRODUCT_NAME = "$(TARGET_NAME)";
				SWIFT_VERSION = 5.0;
				TARGETED_DEVICE_FAMILY = "1,2";
			};
			name = Debug;
		};
		1C808C0026091DBD007D4599 /* Release */ = {
			isa = XCBuildConfiguration;
			buildSettings = {
				ASSETCATALOG_COMPILER_APPICON_NAME = AppIcon;
				ASSETCATALOG_COMPILER_GLOBAL_ACCENT_COLOR_NAME = AccentColor;
				CODE_SIGN_STYLE = Automatic;
				DEVELOPMENT_TEAM = 4RU9D45S73;
				INFOPLIST_FILE = SeeFood/Info.plist;
				LD_RUNPATH_SEARCH_PATHS = (
					"$(inherited)",
					"@executable_path/Frameworks",
				);
				PRODUCT_BUNDLE_IDENTIFIER = SHUBHAM.SeeFood;
				PRODUCT_NAME = "$(TARGET_NAME)";
				SWIFT_VERSION = 5.0;
				TARGETED_DEVICE_FAMILY = "1,2";
			};
			name = Release;
		};
		1C808C0226091DBD007D4599 /* Debug */ = {
			isa = XCBuildConfiguration;
			buildSettings = {
				ALWAYS_EMBED_SWIFT_STANDARD_LIBRARIES = YES;
				BUNDLE_LOADER = "$(TEST_HOST)";
				CODE_SIGN_STYLE = Automatic;
				INFOPLIST_FILE = SeeFoodTests/Info.plist;
				IPHONEOS_DEPLOYMENT_TARGET = 14.4;
				LD_RUNPATH_SEARCH_PATHS = (
					"$(inherited)",
					"@executable_path/Frameworks",
					"@loader_path/Frameworks",
				);
				PRODUCT_BUNDLE_IDENTIFIER = SHUBHAM.SeeFoodTests;
				PRODUCT_NAME = "$(TARGET_NAME)";
				SWIFT_VERSION = 5.0;
				TARGETED_DEVICE_FAMILY = "1,2";
				TEST_HOST = "$(BUILT_PRODUCTS_DIR)/SeeFood.app/SeeFood";
			};
			name = Debug;
		};
		1C808C0326091DBD007D4599 /* Release */ = {
			isa = XCBuildConfiguration;
			buildSettings = {
				ALWAYS_EMBED_SWIFT_STANDARD_LIBRARIES = YES;
				BUNDLE_LOADER = "$(TEST_HOST)";
				CODE_SIGN_STYLE = Automatic;
				INFOPLIST_FILE = SeeFoodTests/Info.plist;
				IPHONEOS_DEPLOYMENT_TARGET = 14.4;
				LD_RUNPATH_SEARCH_PATHS = (
					"$(inherited)",
					"@executable_path/Frameworks",
					"@loader_path/Frameworks",
				);
				PRODUCT_BUNDLE_IDENTIFIER = SHUBHAM.SeeFoodTests;
				PRODUCT_NAME = "$(TARGET_NAME)";
				SWIFT_VERSION = 5.0;
				TARGETED_DEVICE_FAMILY = "1,2";
				TEST_HOST = "$(BUILT_PRODUCTS_DIR)/SeeFood.app/SeeFood";
			};
			name = Release;
		};
		1C808C0526091DBD007D4599 /* Debug */ = {
			isa = XCBuildConfiguration;
			buildSettings = {
				ALWAYS_EMBED_SWIFT_STANDARD_LIBRARIES = YES;
				CODE_SIGN_STYLE = Automatic;
				INFOPLIST_FILE = SeeFoodUITests/Info.plist;
				LD_RUNPATH_SEARCH_PATHS = (
					"$(inherited)",
					"@executable_path/Frameworks",
					"@loader_path/Frameworks",
				);
				PRODUCT_BUNDLE_IDENTIFIER = SHUBHAM.SeeFoodUITests;
				PRODUCT_NAME = "$(TARGET_NAME)";
				SWIFT_VERSION = 5.0;
				TARGETED_DEVICE_FAMILY = "1,2";
				TEST_TARGET_NAME = SeeFood;
			};
			name = Debug;
		};
		1C808C0626091DBD007D4599 /* Release */ = {
			isa = XCBuildConfiguration;
			buildSettings = {
				ALWAYS_EMBED_SWIFT_STANDARD_LIBRARIES = YES;
				CODE_SIGN_STYLE = Automatic;
				INFOPLIST_FILE = SeeFoodUITests/Info.plist;
				LD_RUNPATH_SEARCH_PATHS = (
					"$(inherited)",
					"@executable_path/Frameworks",
					"@loader_path/Frameworks",
				);
				PRODUCT_BUNDLE_IDENTIFIER = SHUBHAM.SeeFoodUITests;
				PRODUCT_NAME = "$(TARGET_NAME)";
				SWIFT_VERSION = 5.0;
				TARGETED_DEVICE_FAMILY = "1,2";
				TEST_TARGET_NAME = SeeFood;
			};
			name = Release;
		};
/* End XCBuildConfiguration section */

/* Begin XCConfigurationList section */
		1C808BCF26091DBA007D4599 /* Build configuration list for PBXProject "SeeFood" */ = {
			isa = XCConfigurationList;
			buildConfigurations = (
				1C808BFC26091DBD007D4599 /* Debug */,
				1C808BFD26091DBD007D4599 /* Release */,
			);
			defaultConfigurationIsVisible = 0;
			defaultConfigurationName = Release;
		};
		1C808BFE26091DBD007D4599 /* Build configuration list for PBXNativeTarget "SeeFood" */ = {
			isa = XCConfigurationList;
			buildConfigurations = (
				1C808BFF26091DBD007D4599 /* Debug */,
				1C808C0026091DBD007D4599 /* Release */,
			);
			defaultConfigurationIsVisible = 0;
			defaultConfigurationName = Release;
		};
		1C808C0126091DBD007D4599 /* Build configuration list for PBXNativeTarget "SeeFoodTests" */ = {
			isa = XCConfigurationList;
			buildConfigurations = (
				1C808C0226091DBD007D4599 /* Debug */,
				1C808C0326091DBD007D4599 /* Release */,
			);
			defaultConfigurationIsVisible = 0;
			defaultConfigurationName = Release;
		};
		1C808C0426091DBD007D4599 /* Build configuration list for PBXNativeTarget "SeeFoodUITests" */ = {
			isa = XCConfigurationList;
			buildConfigurations = (
				1C808C0526091DBD007D4599 /* Debug */,
				1C808C0626091DBD007D4599 /* Release */,
			);
			defaultConfigurationIsVisible = 0;
			defaultConfigurationName = Release;
		};
/* End XCConfigurationList section */
	};
	rootObject = 1C808BCC26091DBA007D4599 /* Project object */;
}
